{
  "name": "goldsky",
  "version": "1.0.0",
  "lockfileVersion": 3,
  "requires": true,
  "packages": {
    "": {
      "name": "goldsky",
      "version": "1.0.0",
      "license": "ISC",
      "devDependencies": {
        "@goldskycom/cli": "^12.0.0"
      }
    },
    "node_modules/@goldskycom/cli": {
      "version": "12.0.0",
      "resolved": "https://registry.npmjs.org/@goldskycom/cli/-/cli-12.0.0.tgz",
      "integrity": "sha512-JoDNNwJG8rWs38qnxtPgefPp8PIssQCPj2fRyQmJmwiVfQ4Rx48eODtueIczusI2sSGryXxMDRBZGgyelrjh8w==",
      "dev": true,
      "dependencies": {
        "cuid": "^2.1.8",
        "parse-duration": "^1.0.3",
        "readline-sync": "^1.4.10",
        "timeago.js": "^4.0.2"
      },
      "bin": {
        "goldsky": "bin/goldsky"
      }
    },
    "node_modules/cuid": {
      "version": "2.1.8",
      "resolved": "https://registry.npmjs.org/cuid/-/cuid-2.1.8.tgz",
      "integrity": "sha512-xiEMER6E7TlTPnDxrM4eRiC6TRgjNX9xzEZ5U/Se2YJKr7Mq4pJn/2XEHjl3STcSh96GmkHPcBXLES8M29wyyg==",
      "deprecated": "Cuid and other k-sortable and non-cryptographic ids (Ulid, ObjectId, KSUID, all UUIDs) are all insecure. Use @paralleldrive/cuid2 instead.",
      "dev": true,
      "license": "MIT"
    },
    "node_modules/parse-duration": {
      "version": "1.1.2",
      "resolved": "https://registry.npmjs.org/parse-duration/-/parse-duration-1.1.2.tgz",
      "integrity": "sha512-p8EIONG8L0u7f8GFgfVlL4n8rnChTt8O5FSxgxMz2tjc9FMP199wxVKVB6IbKx11uTbKHACSvaLVIKNnoeNR/A==",
      "dev": true,
      "license": "MIT"
    },
    "node_modules/readline-sync": {
      "version": "1.4.10",
      "resolved": "https://registry.npmjs.org/readline-sync/-/readline-sync-1.4.10.tgz",
      "integrity": "sha512-gNva8/6UAe8QYepIQH/jQ2qn91Qj0B9sYjMBBs3QOB8F2CXcKgLxQaJRP76sWVRQt+QU+8fAkCbCvjjMFu7Ycw==",
      "dev": true,
      "license": "MIT",
      "engines": {
        "node": ">= 0.8.0"
      }
    },
    "node_modules/timeago.js": {
      "version": "4.0.2",
      "resolved": "https://registry.npmjs.org/timeago.js/-/timeago.js-4.0.2.tgz",
      "integrity": "sha512-a7wPxPdVlQL7lqvitHGGRsofhdwtkoSXPGATFuSOA2i1ZNQEPLrGnj68vOp2sOJTCFAQVXPeNMX/GctBaO9L2w==",
      "dev": true,
      "license": "MIT"
    }
  }
}
